// !$*UTF8*$!
{
	archiveVersion = 1;
	classes = {
	};
	objectVersion = 56;
	objects = {

/* Begin PBXBuildFile section */
		F58470252937E5A8003E1C94 /* AppDelegate.swift in Sources */ = {isa = PBXBuildFile; fileRef = F58470242937E5A8003E1C94 /* AppDelegate.swift */; };
		F58470272937E5A8003E1C94 /* SceneDelegate.swift in Sources */ = {isa = PBXBuildFile; fileRef = F58470262937E5A8003E1C94 /* SceneDelegate.swift */; };
		F58470292937E5A8003E1C94 /* ViewController.swift in Sources */ = {isa = PBXBuildFile; fileRef = F58470282937E5A8003E1C94 /* ViewController.swift */; };
		F584702C2937E5A8003E1C94 /* Main.storyboard in Resources */ = {isa = PBXBuildFile; fileRef = F584702A2937E5A8003E1C94 /* Main.storyboard */; };
		F584702E2937E5AB003E1C94 /* Assets.xcassets in Resources */ = {isa = PBXBuildFile; fileRef = F584702D2937E5AB003E1C94 /* Assets.xcassets */; };
		F58470312937E5AB003E1C94 /* LaunchScreen.storyboard in Resources */ = {isa = PBXBuildFile; fileRef = F584702F2937E5AB003E1C94 /* LaunchScreen.storyboard */; };
		F584703C2937E5AB003E1C94 /* AsyncAwaitTests.swift in Sources */ = {isa = PBXBuildFile; fileRef = F584703B2937E5AB003E1C94 /* AsyncAwaitTests.swift */; };
		F58470462937E5AB003E1C94 /* AsyncAwaitUITests.swift in Sources */ = {isa = PBXBuildFile; fileRef = F58470452937E5AB003E1C94 /* AsyncAwaitUITests.swift */; };
		F58470482937E5AB003E1C94 /* AsyncAwaitUITestsLaunchTests.swift in Sources */ = {isa = PBXBuildFile; fileRef = F58470472937E5AB003E1C94 /* AsyncAwaitUITestsLaunchTests.swift */; };
/* End PBXBuildFile section */

/* Begin PBXContainerItemProxy section */
		F58470382937E5AB003E1C94 /* PBXContainerItemProxy */ = {
			isa = PBXContainerItemProxy;
			containerPortal = F58470192937E5A8003E1C94 /* Project object */;
			proxyType = 1;
			remoteGlobalIDString = F58470202937E5A8003E1C94;
			remoteInfo = AsyncAwait;
		};
		F58470422937E5AB003E1C94 /* PBXContainerItemProxy */ = {
			isa = PBXContainerItemProxy;
			containerPortal = F58470192937E5A8003E1C94 /* Project object */;
			proxyType = 1;
			remoteGlobalIDString = F58470202937E5A8003E1C94;
			remoteInfo = AsyncAwait;
		};
/* End PBXContainerItemProxy section */

/* Begin PBXFileReference section */
		F58470212937E5A8003E1C94 /* AsyncAwait.app */ = {isa = PBXFileReference; explicitFileType = wrapper.application; includeInIndex = 0; path = AsyncAwait.app; sourceTree = BUILT_PRODUCTS_DIR; };
		F58470242937E5A8003E1C94 /* AppDelegate.swift */ = {isa = PBXFileReference; lastKnownFileType = sourcecode.swift; path = AppDelegate.swift; sourceTree = "<group>"; };
		F58470262937E5A8003E1C94 /* SceneDelegate.swift */ = {isa = PBXFileReference; lastKnownFileType = sourcecode.swift; path = SceneDelegate.swift; sourceTree = "<group>"; };
		F58470282937E5A8003E1C94 /* ViewController.swift */ = {isa = PBXFileReference; lastKnownFileType = sourcecode.swift; path = ViewController.swift; sourceTree = "<group>"; };
		F584702B2937E5A8003E1C94 /* Base */ = {isa = PBXFileReference; lastKnownFileType = file.storyboard; name = Base; path = Base.lproj/Main.storyboard; sourceTree = "<group>"; };
		F584702D2937E5AB003E1C94 /* Assets.xcassets */ = {isa = PBXFileReference; lastKnownFileType = folder.assetcatalog; path = Assets.xcassets; sourceTree = "<group>"; };
		F58470302937E5AB003E1C94 /* Base */ = {isa = PBXFileReference; lastKnownFileType = file.storyboard; name = Base; path = Base.lproj/LaunchScreen.storyboard; sourceTree = "<group>"; };
		F58470322937E5AB003E1C94 /* Info.plist */ = {isa = PBXFileReference; lastKnownFileType = text.plist.xml; path = Info.plist; sourceTree = "<group>"; };
		F58470372937E5AB003E1C94 /* AsyncAwaitTests.xctest */ = {isa = PBXFileReference; explicitFileType = wrapper.cfbundle; includeInIndex = 0; path = AsyncAwaitTests.xctest; sourceTree = BUILT_PRODUCTS_DIR; };
		F584703B2937E5AB003E1C94 /* AsyncAwaitTests.swift */ = {isa = PBXFileReference; lastKnownFileType = sourcecode.swift; path = AsyncAwaitTests.swift; sourceTree = "<group>"; };
		F58470412937E5AB003E1C94 /* AsyncAwaitUITests.xctest */ = {isa = PBXFileReference; explicitFileType = wrapper.cfbundle; includeInIndex = 0; path = AsyncAwaitUITests.xctest; sourceTree = BUILT_PRODUCTS_DIR; };
		F58470452937E5AB003E1C94 /* AsyncAwaitUITests.swift */ = {isa = PBXFileReference; lastKnownFileType = sourcecode.swift; path = AsyncAwaitUITests.swift; sourceTree = "<group>"; };
		F58470472937E5AB003E1C94 /* AsyncAwaitUITestsLaunchTests.swift */ = {isa = PBXFileReference; lastKnownFileType = sourcecode.swift; path = AsyncAwaitUITestsLaunchTests.swift; sourceTree = "<group>"; };
/* End PBXFileReference section */

/* Begin PBXFrameworksBuildPhase section */
		F584701E2937E5A8003E1C94 /* Frameworks */ = {
			isa = PBXFrameworksBuildPhase;
			buildActionMask = 2147483647;
			files = (
			);
			runOnlyForDeploymentPostprocessing = 0;
		};
		F58470342937E5AB003E1C94 /* Frameworks */ = {
			isa = PBXFrameworksBuildPhase;
			buildActionMask = 2147483647;
			files = (
			);
			runOnlyForDeploymentPostprocessing = 0;
		};
		F584703E2937E5AB003E1C94 /* Frameworks */ = {
			isa = PBXFrameworksBuildPhase;
			buildActionMask = 2147483647;
			files = (
			);
			runOnlyForDeploymentPostprocessing = 0;
		};
/* End PBXFrameworksBuildPhase section */

/* Begin PBXGroup section */
		F58470182937E5A8003E1C94 = {
			isa = PBXGroup;
			children = (
				F58470232937E5A8003E1C94 /* AsyncAwait */,
				F584703A2937E5AB003E1C94 /* AsyncAwaitTests */,
				F58470442937E5AB003E1C94 /* AsyncAwaitUITests */,
				F58470222937E5A8003E1C94 /* Products */,
			);
			sourceTree = "<group>";
		};
		F58470222937E5A8003E1C94 /* Products */ = {
			isa = PBXGroup;
			children = (
				F58470212937E5A8003E1C94 /* AsyncAwait.app */,
				F58470372937E5AB003E1C94 /* AsyncAwaitTests.xctest */,
				F58470412937E5AB003E1C94 /* AsyncAwaitUITests.xctest */,
			);
			name = Products;
			sourceTree = "<group>";
		};
		F58470232937E5A8003E1C94 /* AsyncAwait */ = {
			isa = PBXGroup;
			children = (
				F58470242937E5A8003E1C94 /* AppDelegate.swift */,
				F58470262937E5A8003E1C94 /* SceneDelegate.swift */,
				F58470282937E5A8003E1C94 /* ViewController.swift */,
				F584702A2937E5A8003E1C94 /* Main.storyboard */,
				F584702D2937E5AB003E1C94 /* Assets.xcassets */,
				F584702F2937E5AB003E1C94 /* LaunchScreen.storyboard */,
				F58470322937E5AB003E1C94 /* Info.plist */,
			);
			path = AsyncAwait;
			sourceTree = "<group>";
		};
		F584703A2937E5AB003E1C94 /* AsyncAwaitTests */ = {
			isa = PBXGroup;
			children = (
				F584703B2937E5AB003E1C94 /* AsyncAwaitTests.swift */,
			);
			path = AsyncAwaitTests;
			sourceTree = "<group>";
		};
		F58470442937E5AB003E1C94 /* AsyncAwaitUITests */ = {
			isa = PBXGroup;
			children = (
				F58470452937E5AB003E1C94 /* AsyncAwaitUITests.swift */,
				F58470472937E5AB003E1C94 /* AsyncAwaitUITestsLaunchTests.swift */,
			);
			path = AsyncAwaitUITests;
			sourceTree = "<group>";
		};
/* End PBXGroup section */

/* Begin PBXNativeTarget section */
		F58470202937E5A8003E1C94 /* AsyncAwait */ = {
			isa = PBXNativeTarget;
			buildConfigurationList = F584704B2937E5AB003E1C94 /* Build configuration list for PBXNativeTarget "AsyncAwait" */;
			buildPhases = (
				F584701D2937E5A8003E1C94 /* Sources */,
				F584701E2937E5A8003E1C94 /* Frameworks */,
				F584701F2937E5A8003E1C94 /* Resources */,
			);
			buildRules = (
			);
			dependencies = (
			);
			name = AsyncAwait;
			productName = AsyncAwait;
			productReference = F58470212937E5A8003E1C94 /* AsyncAwait.app */;
			productType = "com.apple.product-type.application";
		};
		F58470362937E5AB003E1C94 /* AsyncAwaitTests */ = {
			isa = PBXNativeTarget;
			buildConfigurationList = F584704E2937E5AB003E1C94 /* Build configuration list for PBXNativeTarget "AsyncAwaitTests" */;
			buildPhases = (
				F58470332937E5AB003E1C94 /* Sources */,
				F58470342937E5AB003E1C94 /* Frameworks */,
				F58470352937E5AB003E1C94 /* Resources */,
			);
			buildRules = (
			);
			dependencies = (
				F58470392937E5AB003E1C94 /* PBXTargetDependency */,
			);
			name = AsyncAwaitTests;
			productName = AsyncAwaitTests;
			productReference = F58470372937E5AB003E1C94 /* AsyncAwaitTests.xctest */;
			productType = "com.apple.product-type.bundle.unit-test";
		};
		F58470402937E5AB003E1C94 /* AsyncAwaitUITests */ = {
			isa = PBXNativeTarget;
			buildConfigurationList = F58470512937E5AB003E1C94 /* Build configuration list for PBXNativeTarget "AsyncAwaitUITests" */;
			buildPhases = (
				F584703D2937E5AB003E1C94 /* Sources */,
				F584703E2937E5AB003E1C94 /* Frameworks */,
				F584703F2937E5AB003E1C94 /* Resources */,
			);
			buildRules = (
			);
			dependencies = (
				F58470432937E5AB003E1C94 /* PBXTargetDependency */,
			);
			name = AsyncAwaitUITests;
			productName = AsyncAwaitUITests;
			productReference = F58470412937E5AB003E1C94 /* AsyncAwaitUITests.xctest */;
			productType = "com.apple.product-type.bundle.ui-testing";
		};
/* End PBXNativeTarget section */

/* Begin PBXProject section */
		F58470192937E5A8003E1C94 /* Project object */ = {
			isa = PBXProject;
			attributes = {
				BuildIndependentTargetsInParallel = 1;
				LastSwiftUpdateCheck = 1410;
				LastUpgradeCheck = 1410;
				TargetAttributes = {
					F58470202937E5A8003E1C94 = {
						CreatedOnToolsVersion = 14.1;
					};
					F58470362937E5AB003E1C94 = {
						CreatedOnToolsVersion = 14.1;
						TestTargetID = F58470202937E5A8003E1C94;
					};
					F58470402937E5AB003E1C94 = {
						CreatedOnToolsVersion = 14.1;
						TestTargetID = F58470202937E5A8003E1C94;
					};
				};
			};
			buildConfigurationList = F584701C2937E5A8003E1C94 /* Build configuration list for PBXProject "AsyncAwait" */;
			compatibilityVersion = "Xcode 14.0";
			developmentRegion = en;
			hasScannedForEncodings = 0;
			knownRegions = (
				en,
				Base,
			);
			mainGroup = F58470182937E5A8003E1C94;
			productRefGroup = F58470222937E5A8003E1C94 /* Products */;
			projectDirPath = "";
			projectRoot = "";
			targets = (
				F58470202937E5A8003E1C94 /* AsyncAwait */,
				F58470362937E5AB003E1C94 /* AsyncAwaitTests */,
				F58470402937E5AB003E1C94 /* AsyncAwaitUITests */,
			);
		};
/* End PBXProject section */

/* Begin PBXResourcesBuildPhase section */
		F584701F2937E5A8003E1C94 /* Resources */ = {
			isa = PBXResourcesBuildPhase;
			buildActionMask = 2147483647;
			files = (
				F58470312937E5AB003E1C94 /* LaunchScreen.storyboard in Resources */,
				F584702E2937E5AB003E1C94 /* Assets.xcassets in Resources */,
				F584702C2937E5A8003E1C94 /* Main.storyboard in Resources */,
			);
			runOnlyForDeploymentPostprocessing = 0;
		};
		F58470352937E5AB003E1C94 /* Resources */ = {
			isa = PBXResourcesBuildPhase;
			buildActionMask = 2147483647;
			files = (
			);
			runOnlyForDeploymentPostprocessing = 0;
		};
		F584703F2937E5AB003E1C94 /* Resources */ = {
			isa = PBXResourcesBuildPhase;
			buildActionMask = 2147483647;
			files = (
			);
			runOnlyForDeploymentPostprocessing = 0;
		};
/* End PBXResourcesBuildPhase section */

/* Begin PBXSourcesBuildPhase section */
		F584701D2937E5A8003E1C94 /* Sources */ = {
			isa = PBXSourcesBuildPhase;
			buildActionMask = 2147483647;
			files = (
				F58470292937E5A8003E1C94 /* ViewController.swift in Sources */,
				F58470252937E5A8003E1C94 /* AppDelegate.swift in Sources */,
				F58470272937E5A8003E1C94 /* SceneDelegate.swift in Sources */,
			);
			runOnlyForDeploymentPostprocessing = 0;
		};
		F58470332937E5AB003E1C94 /* Sources */ = {
			isa = PBXSourcesBuildPhase;
			buildActionMask = 2147483647;
			files = (
				F584703C2937E5AB003E1C94 /* AsyncAwaitTests.swift in Sources */,
			);
			runOnlyForDeploymentPostprocessing = 0;
		};
		F584703D2937E5AB003E1C94 /* Sources */ = {
			isa = PBXSourcesBuildPhase;
			buildActionMask = 2147483647;
			files = (
				F58470482937E5AB003E1C94 /* AsyncAwaitUITestsLaunchTests.swift in Sources */,
				F58470462937E5AB003E1C94 /* AsyncAwaitUITests.swift in Sources */,
			);
			runOnlyForDeploymentPostprocessing = 0;
		};
/* End PBXSourcesBuildPhase section */

/* Begin PBXTargetDependency section */
		F58470392937E5AB003E1C94 /* PBXTargetDependency */ = {
			isa = PBXTargetDependency;
			target = F58470202937E5A8003E1C94 /* AsyncAwait */;
			targetProxy = F58470382937E5AB003E1C94 /* PBXContainerItemProxy */;
		};
		F58470432937E5AB003E1C94 /* PBXTargetDependency */ = {
			isa = PBXTargetDependency;
			target = F58470202937E5A8003E1C94 /* AsyncAwait */;
			targetProxy = F58470422937E5AB003E1C94 /* PBXContainerItemProxy */;
		};
/* End PBXTargetDependency section */

/* Begin PBXVariantGroup section */
		F584702A2937E5A8003E1C94 /* Main.storyboard */ = {
			isa = PBXVariantGroup;
			children = (
				F584702B2937E5A8003E1C94 /* Base */,
			);
			name = Main.storyboard;
			sourceTree = "<group>";
		};
		F584702F2937E5AB003E1C94 /* LaunchScreen.storyboard */ = {
			isa = PBXVariantGroup;
			children = (
				F58470302937E5AB003E1C94 /* Base */,
			);
			name = LaunchScreen.storyboard;
			sourceTree = "<group>";
		};
/* End PBXVariantGroup section */

/* Begin XCBuildConfiguration section */
		F58470492937E5AB003E1C94 /* Debug */ = {
			isa = XCBuildConfiguration;
			buildSettings = {
				ALWAYS_SEARCH_USER_PATHS = NO;
				CLANG_ANALYZER_NONNULL = YES;
				CLANG_ANALYZER_NUMBER_OBJECT_CONVERSION = YES_AGGRESSIVE;
				CLANG_CXX_LANGUAGE_STANDARD = "gnu++20";
				CLANG_ENABLE_MODULES = YES;
				CLANG_ENABLE_OBJC_ARC = YES;
				CLANG_ENABLE_OBJC_WEAK = YES;
				CLANG_WARN_BLOCK_CAPTURE_AUTORELEASING = YES;
				CLANG_WARN_BOOL_CONVERSION = YES;
				CLANG_WARN_COMMA = YES;
				CLANG_WARN_CONSTANT_CONVERSION = YES;
				CLANG_WARN_DEPRECATED_OBJC_IMPLEMENTATIONS = YES;
				CLANG_WARN_DIRECT_OBJC_ISA_USAGE = YES_ERROR;
				CLANG_WARN_DOCUMENTATION_COMMENTS = YES;
				CLANG_WARN_EMPTY_BODY = YES;
				CLANG_WARN_ENUM_CONVERSION = YES;
				CLANG_WARN_INFINITE_RECURSION = YES;
				CLANG_WARN_INT_CONVERSION = YES;
				CLANG_WARN_NON_LITERAL_NULL_CONVERSION = YES;
				CLANG_WARN_OBJC_IMPLICIT_RETAIN_SELF = YES;
				CLANG_WARN_OBJC_LITERAL_CONVERSION = YES;
				CLANG_WARN_OBJC_ROOT_CLASS = YES_ERROR;
				CLANG_WARN_QUOTED_INCLUDE_IN_FRAMEWORK_HEADER = YES;
				CLANG_WARN_RANGE_LOOP_ANALYSIS = YES;
				CLANG_WARN_STRICT_PROTOTYPES = YES;
				CLANG_WARN_SUSPICIOUS_MOVE = YES;
				CLANG_WARN_UNGUARDED_AVAILABILITY = YES_AGGRESSIVE;
				CLANG_WARN_UNREACHABLE_CODE = YES;
				CLANG_WARN__DUPLICATE_METHOD_MATCH = YES;
				COPY_PHASE_STRIP = NO;
				DEBUG_INFORMATION_FORMAT = dwarf;
				ENABLE_STRICT_OBJC_MSGSEND = YES;
				ENABLE_TESTABILITY = YES;
				GCC_C_LANGUAGE_STANDARD = gnu11;
				GCC_DYNAMIC_NO_PIC = NO;
				GCC_NO_COMMON_BLOCKS = YES;
				GCC_OPTIMIZATION_LEVEL = 0;
				GCC_PREPROCESSOR_DEFINITIONS = (
					"DEBUG=1",
					"$(inherited)",
				);
				GCC_WARN_64_TO_32_BIT_CONVERSION = YES;
				GCC_WARN_ABOUT_RETURN_TYPE = YES_ERROR;
				GCC_WARN_UNDECLARED_SELECTOR = YES;
				GCC_WARN_UNINITIALIZED_AUTOS = YES_AGGRESSIVE;
				GCC_WARN_UNUSED_FUNCTION = YES;
				GCC_WARN_UNUSED_VARIABLE = YES;
				IPHONEOS_DEPLOYMENT_TARGET = 16.1;
				MTL_ENABLE_DEBUG_INFO = INCLUDE_SOURCE;
				MTL_FAST_MATH = YES;
				ONLY_ACTIVE_ARCH = YES;
				SDKROOT = iphoneos;
				SWIFT_ACTIVE_COMPILATION_CONDITIONS = DEBUG;
				SWIFT_OPTIMIZATION_LEVEL = "-Onone";
			};
			name = Debug;
		};
		F584704A2937E5AB003E1C94 /* Release */ = {
			isa = XCBuildConfiguration;
			buildSettings = {
				ALWAYS_SEARCH_USER_PATHS = NO;
				CLANG_ANALYZER_NONNULL = YES;
				CLANG_ANALYZER_NUMBER_OBJECT_CONVERSION = YES_AGGRESSIVE;
				CLANG_CXX_LANGUAGE_STANDARD = "gnu++20";
				CLANG_ENABLE_MODULES = YES;
				CLANG_ENABLE_OBJC_ARC = YES;
				CLANG_ENABLE_OBJC_WEAK = YES;
				CLANG_WARN_BLOCK_CAPTURE_AUTORELEASING = YES;
				CLANG_WARN_BOOL_CONVERSION = YES;
				CLANG_WARN_COMMA = YES;
				CLANG_WARN_CONSTANT_CONVERSION = YES;
				CLANG_WARN_DEPRECATED_OBJC_IMPLEMENTATIONS = YES;
				CLANG_WARN_DIRECT_OBJC_ISA_USAGE = YES_ERROR;
				CLANG_WARN_DOCUMENTATION_COMMENTS = YES;
				CLANG_WARN_EMPTY_BODY = YES;
				CLANG_WARN_ENUM_CONVERSION = YES;
				CLANG_WARN_INFINITE_RECURSION = YES;
				CLANG_WARN_INT_CONVERSION = YES;
				CLANG_WARN_NON_LITERAL_NULL_CONVERSION = YES;
				CLANG_WARN_OBJC_IMPLICIT_RETAIN_SELF = YES;
				CLANG_WARN_OBJC_LITERAL_CONVERSION = YES;
				CLANG_WARN_OBJC_ROOT_CLASS = YES_ERROR;
				CLANG_WARN_QUOTED_INCLUDE_IN_FRAMEWORK_HEADER = YES;
				CLANG_WARN_RANGE_LOOP_ANALYSIS = YES;
				CLANG_WARN_STRICT_PROTOTYPES = YES;
				CLANG_WARN_SUSPICIOUS_MOVE = YES;
				CLANG_WARN_UNGUARDED_AVAILABILITY = YES_AGGRESSIVE;
				CLANG_WARN_UNREACHABLE_CODE = YES;
				CLANG_WARN__DUPLICATE_METHOD_MATCH = YES;
				COPY_PHASE_STRIP = NO;
				DEBUG_INFORMATION_FORMAT = "dwarf-with-dsym";
				ENABLE_NS_ASSERTIONS = NO;
				ENABLE_STRICT_OBJC_MSGSEND = YES;
				GCC_C_LANGUAGE_STANDARD = gnu11;
				GCC_NO_COMMON_BLOCKS = YES;
				GCC_WARN_64_TO_32_BIT_CONVERSION = YES;
				GCC_WARN_ABOUT_RETURN_TYPE = YES_ERROR;
				GCC_WARN_UNDECLARED_SELECTOR = YES;
				GCC_WARN_UNINITIALIZED_AUTOS = YES_AGGRESSIVE;
				GCC_WARN_UNUSED_FUNCTION = YES;
				GCC_WARN_UNUSED_VARIABLE = YES;
				IPHONEOS_DEPLOYMENT_TARGET = 16.1;
				MTL_ENABLE_DEBUG_INFO = NO;
				MTL_FAST_MATH = YES;
				SDKROOT = iphoneos;
				SWIFT_COMPILATION_MODE = wholemodule;
				SWIFT_OPTIMIZATION_LEVEL = "-O";
				VALIDATE_PRODUCT = YES;
			};
			name = Release;
		};
		F584704C2937E5AB003E1C94 /* Debug */ = {
			isa = XCBuildConfiguration;
			buildSettings = {
				ASSETCATALOG_COMPILER_APPICON_NAME = AppIcon;
				ASSETCATALOG_COMPILER_GLOBAL_ACCENT_COLOR_NAME = AccentColor;
				CODE_SIGN_STYLE = Automatic;
				CURRENT_PROJECT_VERSION = 1;
				DEVELOPMENT_TEAM = PY3CD6QTY5;
				GENERATE_INFOPLIST_FILE = YES;
				INFOPLIST_FILE = AsyncAwait/Info.plist;
				INFOPLIST_KEY_UIApplicationSupportsIndirectInputEvents = YES;
				INFOPLIST_KEY_UILaunchStoryboardName = LaunchScreen;
				INFOPLIST_KEY_UIMainStoryboardFile = Main;
				INFOPLIST_KEY_UISupportedInterfaceOrientations_iPad = "UIInterfaceOrientationPortrait UIInterfaceOrientationPortraitUpsideDown UIInterfaceOrientationLandscapeLeft UIInterfaceOrientationLandscapeRight";
				INFOPLIST_KEY_UISupportedInterfaceOrientations_iPhone = "UIInterfaceOrientationPortrait UIInterfaceOrientationLandscapeLeft UIInterfaceOrientationLandscapeRight";
				LD_RUNPATH_SEARCH_PATHS = (
					"$(inherited)",
					"@executable_path/Frameworks",
				);
				MARKETING_VERSION = 1.0;
				PRODUCT_BUNDLE_IDENTIFIER = com.dannytsang.AsyncAwait;
				PRODUCT_NAME = "$(TARGET_NAME)";
				SWIFT_EMIT_LOC_STRINGS = YES;
				SWIFT_VERSION = 5.0;
				TARGETED_DEVICE_FAMILY = "1,2";
			};
			name = Debug;
		};
		F584704D2937E5AB003E1C94 /* Release */ = {
			isa = XCBuildConfiguration;
			buildSettings = {
				ASSETCATALOG_COMPILER_APPICON_NAME = AppIcon;
				ASSETCATALOG_COMPILER_GLOBAL_ACCENT_COLOR_NAME = AccentColor;
				CODE_SIGN_STYLE = Automatic;
				CURRENT_PROJECT_VERSION = 1;
				DEVELOPMENT_TEAM = PY3CD6QTY5;
				GENERATE_INFOPLIST_FILE = YES;
				INFOPLIST_FILE = AsyncAwait/Info.plist;
				INFOPLIST_KEY_UIApplicationSupportsIndirectInputEvents = YES;
				INFOPLIST_KEY_UILaunchStoryboardName = LaunchScreen;
				INFOPLIST_KEY_UIMainStoryboardFile = Main;
				INFOPLIST_KEY_UISupportedInterfaceOrientations_iPad = "UIInterfaceOrientationPortrait UIInterfaceOrientationPortraitUpsideDown UIInterfaceOrientationLandscapeLeft UIInterfaceOrientationLandscapeRight";
				INFOPLIST_KEY_UISupportedInterfaceOrientations_iPhone = "UIInterfaceOrientationPortrait UIInterfaceOrientationLandscapeLeft UIInterfaceOrientationLandscapeRight";
				LD_RUNPATH_SEARCH_PATHS = (
					"$(inherited)",
					"@executable_path/Frameworks",
				);
				MARKETING_VERSION = 1.0;
				PRODUCT_BUNDLE_IDENTIFIER = com.dannytsang.AsyncAwait;
				PRODUCT_NAME = "$(TARGET_NAME)";
				SWIFT_EMIT_LOC_STRINGS = YES;
				SWIFT_VERSION = 5.0;
				TARGETED_DEVICE_FAMILY = "1,2";
			};
			name = Release;
		};
		F584704F2937E5AB003E1C94 /* Debug */ = {
			isa = XCBuildConfiguration;
			buildSettings = {
				ALWAYS_EMBED_SWIFT_STANDARD_LIBRARIES = YES;
				BUNDLE_LOADER = "$(TEST_HOST)";
				CODE_SIGN_STYLE = Automatic;
				CURRENT_PROJECT_VERSION = 1;
				DEVELOPMENT_TEAM = PY3CD6QTY5;
				GENERATE_INFOPLIST_FILE = YES;
				IPHONEOS_DEPLOYMENT_TARGET = 16.1;
				MARKETING_VERSION = 1.0;
				PRODUCT_BUNDLE_IDENTIFIER = com.dannytsang.AsyncAwaitTests;
				PRODUCT_NAME = "$(TARGET_NAME)";
				SWIFT_EMIT_LOC_STRINGS = NO;
				SWIFT_VERSION = 5.0;
				TARGETED_DEVICE_FAMILY = "1,2";
				TEST_HOST = "$(BUILT_PRODUCTS_DIR)/AsyncAwait.app/$(BUNDLE_EXECUTABLE_FOLDER_PATH)/AsyncAwait";
			};
			name = Debug;
		};
		F58470502937E5AB003E1C94 /* Release */ = {
			isa = XCBuildConfiguration;
			buildSettings = {
				ALWAYS_EMBED_SWIFT_STANDARD_LIBRARIES = YES;
				BUNDLE_LOADER = "$(TEST_HOST)";
				CODE_SIGN_STYLE = Automatic;
				CURRENT_PROJECT_VERSION = 1;
				DEVELOPMENT_TEAM = PY3CD6QTY5;
				GENERATE_INFOPLIST_FILE = YES;
				IPHONEOS_DEPLOYMENT_TARGET = 16.1;
				MARKETING_VERSION = 1.0;
				PRODUCT_BUNDLE_IDENTIFIER = com.dannytsang.AsyncAwaitTests;
				PRODUCT_NAME = "$(TARGET_NAME)";
				SWIFT_EMIT_LOC_STRINGS = NO;
				SWIFT_VERSION = 5.0;
				TARGETED_DEVICE_FAMILY = "1,2";
				TEST_HOST = "$(BUILT_PRODUCTS_DIR)/AsyncAwait.app/$(BUNDLE_EXECUTABLE_FOLDER_PATH)/AsyncAwait";
			};
			name = Release;
		};
		F58470522937E5AB003E1C94 /* Debug */ = {
			isa = XCBuildConfiguration;
			buildSettings = {
				ALWAYS_EMBED_SWIFT_STANDARD_LIBRARIES = YES;
				CODE_SIGN_STYLE = Automatic;
				CURRENT_PROJECT_VERSION = 1;
				DEVELOPMENT_TEAM = PY3CD6QTY5;
				GENERATE_INFOPLIST_FILE = YES;
				MARKETING_VERSION = 1.0;
				PRODUCT_BUNDLE_IDENTIFIER = com.dannytsang.AsyncAwaitUITests;
				PRODUCT_NAME = "$(TARGET_NAME)";
				SWIFT_EMIT_LOC_STRINGS = NO;
				SWIFT_VERSION = 5.0;
				TARGETED_DEVICE_FAMILY = "1,2";
				TEST_TARGET_NAME = AsyncAwait;
			};
			name = Debug;
		};
		F58470532937E5AB003E1C94 /* Release */ = {
			isa = XCBuildConfiguration;
			buildSettings = {
				ALWAYS_EMBED_SWIFT_STANDARD_LIBRARIES = YES;
				CODE_SIGN_STYLE = Automatic;
				CURRENT_PROJECT_VERSION = 1;
				DEVELOPMENT_TEAM = PY3CD6QTY5;
				GENERATE_INFOPLIST_FILE = YES;
				MARKETING_VERSION = 1.0;
				PRODUCT_BUNDLE_IDENTIFIER = com.dannytsang.AsyncAwaitUITests;
				PRODUCT_NAME = "$(TARGET_NAME)";
				SWIFT_EMIT_LOC_STRINGS = NO;
				SWIFT_VERSION = 5.0;
				TARGETED_DEVICE_FAMILY = "1,2";
				TEST_TARGET_NAME = AsyncAwait;
			};
			name = Release;
		};
/* End XCBuildConfiguration section */

/* Begin XCConfigurationList section */
		F584701C2937E5A8003E1C94 /* Build configuration list for PBXProject "AsyncAwait" */ = {
			isa = XCConfigurationList;
			buildConfigurations = (
				F58470492937E5AB003E1C94 /* Debug */,
				F584704A2937E5AB003E1C94 /* Release */,
			);
			defaultConfigurationIsVisible = 0;
			defaultConfigurationName = Release;
		};
		F584704B2937E5AB003E1C94 /* Build configuration list for PBXNativeTarget "AsyncAwait" */ = {
			isa = XCConfigurationList;
			buildConfigurations = (
				F584704C2937E5AB003E1C94 /* Debug */,
				F584704D2937E5AB003E1C94 /* Release */,
			);
			defaultConfigurationIsVisible = 0;
			defaultConfigurationName = Release;
		};
		F584704E2937E5AB003E1C94 /* Build configuration list for PBXNativeTarget "AsyncAwaitTests" */ = {
			isa = XCConfigurationList;
			buildConfigurations = (
				F584704F2937E5AB003E1C94 /* Debug */,
				F58470502937E5AB003E1C94 /* Release */,
			);
			defaultConfigurationIsVisible = 0;
			defaultConfigurationName = Release;
		};
		F58470512937E5AB003E1C94 /* Build configuration list for PBXNativeTarget "AsyncAwaitUITests" */ = {
			isa = XCConfigurationList;
			buildConfigurations = (
				F58470522937E5AB003E1C94 /* Debug */,
				F58470532937E5AB003E1C94 /* Release */,
			);
			defaultConfigurationIsVisible = 0;
			defaultConfigurationName = Release;
		};
/* End XCConfigurationList section */
	};
	rootObject = F58470192937E5A8003E1C94 /* Project object */;
}
